
Microsoft Visual Studio Solution File, Format Version 12.00
# Visual Studio 15
VisualStudioVersion = 15.0.33529.398
MinimumVisualStudioVersion = 10.0.40219.1
Project("{8BC9CEB8-8B4A-11D0-8D11-00A0C91BC942}") = "cpp_exerc_26_09_23_2", "cpp_exerc_26_09_23_2\cpp_exerc_26_09_23_2.vcxproj", "{23A292F7-4135-45AA-AFF5-D81FC6053748}"
EndProject
Global
	GlobalSection(SolutionConfigurationPlatforms) = preSolution
		Debug|x64 = Debug|x64
		Debug|x86 = Debug|x86
		Release|x64 = Release|x64
		Release|x86 = Release|x86
	EndGlobalSection
	GlobalSection(ProjectConfigurationPlatforms) = postSolution
		{23A292F7-4135-45AA-AFF5-D81FC6053748}.Debug|x64.ActiveCfg = Debug|x64
		{23A292F7-4135-45AA-AFF5-D81FC6053748}.Debug|x64.Build.0 = Debug|x64
		{23A292F7-4135-45AA-AFF5-D81FC6053748}.Debug|x86.ActiveCfg = Debug|Win32
		{23A292F7-4135-45AA-AFF5-D81FC6053748}.Debug|x86.Build.0 = Debug|Win32
		{23A292F7-4135-45AA-AFF5-D81FC6053748}.Release|x64.ActiveCfg = Release|x64
		{23A292F7-4135-45AA-AFF5-D81FC6053748}.Release|x64.Build.0 = Release|x64
		{23A292F7-4135-45AA-AFF5-D81FC6053748}.Release|x86.ActiveCfg = Release|Win32
		{23A292F7-4135-45AA-AFF5-D81FC6053748}.Release|x86.Build.0 = Release|Win32
	EndGlobalSection
	GlobalSection(SolutionProperties) = preSolution
		HideSolutionNode = FALSE
	EndGlobalSection
	GlobalSection(ExtensibilityGlobals) = postSolution
		SolutionGuid = {588106FD-B63E-473D-B8BE-822429A49B21}
	EndGlobalSection
EndGlobal
